
Microsoft Visual Studio Solution File, Format Version 12.00
# Visual Studio 2013
VisualStudioVersion = 12.0.21005.1
MinimumVisualStudioVersion = 10.0.40219.1
Project("{FAE04EC0-301F-11D3-BF4B-00C04F79EFBC}") = "MvcSeoRouter", "MvcSeoRouter\MvcSeoRouter.csproj", "{B08878B3-D05A-4736-8B77-6033DB8BC3A7}"
EndProject
Project("{FAE04EC0-301F-11D3-BF4B-00C04F79EFBC}") = "DemoWebsite", "DemoWebsite\DemoWebsite.csproj", "{6133B8E4-2089-46B9-9667-8710E70FEA3B}"
EndProject
Global
	GlobalSection(SolutionConfigurationPlatforms) = preSolution
		Debug|Any CPU = Debug|Any CPU
		Release|Any CPU = Release|Any CPU
	EndGlobalSection
	GlobalSection(ProjectConfigurationPlatforms) = postSolution
		{B08878B3-D05A-4736-8B77-6033DB8BC3A7}.Debug|Any CPU.ActiveCfg = Debug|Any CPU
		{B08878B3-D05A-4736-8B77-6033DB8BC3A7}.Debug|Any CPU.Build.0 = Debug|Any CPU
		{B08878B3-D05A-4736-8B77-6033DB8BC3A7}.Release|Any CPU.ActiveCfg = Release|Any CPU
		{B08878B3-D05A-4736-8B77-6033DB8BC3A7}.Release|Any CPU.Build.0 = Release|Any CPU
		{6133B8E4-2089-46B9-9667-8710E70FEA3B}.Debug|Any CPU.ActiveCfg = Debug|Any CPU
		{6133B8E4-2089-46B9-9667-8710E70FEA3B}.Debug|Any CPU.Build.0 = Debug|Any CPU
		{6133B8E4-2089-46B9-9667-8710E70FEA3B}.Release|Any CPU.ActiveCfg = Release|Any CPU
		{6133B8E4-2089-46B9-9667-8710E70FEA3B}.Release|Any CPU.Build.0 = Release|Any CPU
	EndGlobalSection
	GlobalSection(SolutionProperties) = preSolution
		HideSolutionNode = FALSE
	EndGlobalSection
EndGlobal
